
Microsoft Visual Studio Solution File, Format Version 12.00
# Visual Studio 15
VisualStudioVersion = 15.0.28010.2041
MinimumVisualStudioVersion = 10.0.40219.1
Project("{FAE04EC0-301F-11D3-BF4B-00C04F79EFBC}") = "GerarExcel", "GerarExcel\GerarExcel.csproj", "{9D80C1E8-4BEF-464B-84FB-481AD01F26F3}"
EndProject
Global
	GlobalSection(SolutionConfigurationPlatforms) = preSolution
		Debug|Any CPU = Debug|Any CPU
		Release|Any CPU = Release|Any CPU
	EndGlobalSection
	GlobalSection(ProjectConfigurationPlatforms) = postSolution
		{9D80C1E8-4BEF-464B-84FB-481AD01F26F3}.Debug|Any CPU.ActiveCfg = Debug|Any CPU
		{9D80C1E8-4BEF-464B-84FB-481AD01F26F3}.Debug|Any CPU.Build.0 = Debug|Any CPU
		{9D80C1E8-4BEF-464B-84FB-481AD01F26F3}.Release|Any CPU.ActiveCfg = Release|Any CPU
		{9D80C1E8-4BEF-464B-84FB-481AD01F26F3}.Release|Any CPU.Build.0 = Release|Any CPU
	EndGlobalSection
	GlobalSection(SolutionProperties) = preSolution
		HideSolutionNode = FALSE
	EndGlobalSection
	GlobalSection(ExtensibilityGlobals) = postSolution
		SolutionGuid = {A1A02156-97BB-40A4-AD22-C569FD8149D1}
	EndGlobalSection
EndGlobal
